
Microsoft Visual Studio Solution File, Format Version 12.00
Project("{FAE04EC0-301F-11D3-BF4B-00C04F79EFBC}") = "MaplePie", "MaplePie\MaplePie.csproj", "{C6775CCB-3000-4871-BD9E-78AD53C3FFFD}"
EndProject
Project("{FAE04EC0-301F-11D3-BF4B-00C04F79EFBC}") = "MaplePie.Tests", "MaplePie.Tests\MaplePie.Tests.csproj", "{A38B8137-69BF-4524-84CF-CD2E68802B12}"
EndProject
Global
	GlobalSection(SolutionConfigurationPlatforms) = preSolution
		Debug|Any CPU = Debug|Any CPU
		Release|Any CPU = Release|Any CPU
	EndGlobalSection
	GlobalSection(ProjectConfigurationPlatforms) = postSolution
		{C6775CCB-3000-4871-BD9E-78AD53C3FFFD}.Debug|Any CPU.ActiveCfg = Debug|Any CPU
		{C6775CCB-3000-4871-BD9E-78AD53C3FFFD}.Debug|Any CPU.Build.0 = Debug|Any CPU
		{C6775CCB-3000-4871-BD9E-78AD53C3FFFD}.Release|Any CPU.ActiveCfg = Release|Any CPU
		{C6775CCB-3000-4871-BD9E-78AD53C3FFFD}.Release|Any CPU.Build.0 = Release|Any CPU
		{A38B8137-69BF-4524-84CF-CD2E68802B12}.Debug|Any CPU.ActiveCfg = Debug|Any CPU
		{A38B8137-69BF-4524-84CF-CD2E68802B12}.Debug|Any CPU.Build.0 = Debug|Any CPU
		{A38B8137-69BF-4524-84CF-CD2E68802B12}.Release|Any CPU.ActiveCfg = Release|Any CPU
		{A38B8137-69BF-4524-84CF-CD2E68802B12}.Release|Any CPU.Build.0 = Release|Any CPU
	EndGlobalSection
EndGlobal
